// !$*UTF8*$!
{
	archiveVersion = 1;
	classes = {
	};
	objectVersion = 56;
	objects = {

/* Begin PBXBuildFile section */
		4710C1D52A0632FA00E8B941 /* ImagePicker.swift in Sources */ = {isa = PBXBuildFile; fileRef = 4710C1D42A0632FA00E8B941 /* ImagePicker.swift */; };
		472CB1652A0D3F02001A9E1A /* CardView.swift in Sources */ = {isa = PBXBuildFile; fileRef = 472CB1642A0D3F02001A9E1A /* CardView.swift */; };
		472CB1682A0D46D9001A9E1A /* SwiftUIView.swift in Sources */ = {isa = PBXBuildFile; fileRef = 472CB1672A0D46D9001A9E1A /* SwiftUIView.swift */; };
		472CB16A2A0D4722001A9E1A /* HomeView.swift in Sources */ = {isa = PBXBuildFile; fileRef = 472CB1692A0D4722001A9E1A /* HomeView.swift */; };
		472CB16D2A0D4CEE001A9E1A /* TimePicker.swift in Sources */ = {isa = PBXBuildFile; fileRef = 472CB16C2A0D4CEE001A9E1A /* TimePicker.swift */; };
		472CB16F2A0D4DC1001A9E1A /* AnalysisView.swift in Sources */ = {isa = PBXBuildFile; fileRef = 472CB16E2A0D4DC1001A9E1A /* AnalysisView.swift */; };
		472CB1762A0E76D5001A9E1A /* MapViewmodel.swift in Sources */ = {isa = PBXBuildFile; fileRef = 472CB1752A0E76D5001A9E1A /* MapViewmodel.swift */; };
		473EAA5D2A03FDF500FC1AA0 /* ImageLoader.swift in Sources */ = {isa = PBXBuildFile; fileRef = 473EAA5B2A03FDF500FC1AA0 /* ImageLoader.swift */; };
		473EAA5E2A03FDF500FC1AA0 /* Bundle+LoadAndDecode.swift in Sources */ = {isa = PBXBuildFile; fileRef = 473EAA5C2A03FDF500FC1AA0 /* Bundle+LoadAndDecode.swift */; };
		479F99A02A0FF8AB00077EC3 /* Binding+Ext.swift in Sources */ = {isa = PBXBuildFile; fileRef = 479F999F2A0FF8AB00077EC3 /* Binding+Ext.swift */; };
		479F99A32A0FF8DB00077EC3 /* CountdownModel.swift in Sources */ = {isa = PBXBuildFile; fileRef = 479F99A12A0FF8DB00077EC3 /* CountdownModel.swift */; };
		479F99A42A0FF8DB00077EC3 /* SystemSounds.swift in Sources */ = {isa = PBXBuildFile; fileRef = 479F99A22A0FF8DB00077EC3 /* SystemSounds.swift */; };
		479F99A92A0FF91100077EC3 /* ClockView.swift in Sources */ = {isa = PBXBuildFile; fileRef = 479F99A62A0FF91100077EC3 /* ClockView.swift */; };
		479F99AA2A0FF91100077EC3 /* CircularProgressView.swift in Sources */ = {isa = PBXBuildFile; fileRef = 479F99A72A0FF91100077EC3 /* CircularProgressView.swift */; };
		479F99AB2A0FF91100077EC3 /* CircleButton.swift in Sources */ = {isa = PBXBuildFile; fileRef = 479F99A82A0FF91100077EC3 /* CircleButton.swift */; };
		479F99AE2A0FF99700077EC3 /* SettingsView.swift in Sources */ = {isa = PBXBuildFile; fileRef = 479F99AC2A0FF99700077EC3 /* SettingsView.swift */; };
		479F99AF2A0FF99700077EC3 /* CountDownView.swift in Sources */ = {isa = PBXBuildFile; fileRef = 479F99AD2A0FF99700077EC3 /* CountDownView.swift */; };
		479F99B12A0FFB0A00077EC3 /* TimerPickerView.swift in Sources */ = {isa = PBXBuildFile; fileRef = 479F99B02A0FFB0A00077EC3 /* TimerPickerView.swift */; };
		47B7D8B62A08150F004B57EB /* UserContainer.xcdatamodeld in Sources */ = {isa = PBXBuildFile; fileRef = 47B7D8B42A08150F004B57EB /* UserContainer.xcdatamodeld */; };
		47B7D8B82A0815A7004B57EB /* CoreDataManager.swift in Sources */ = {isa = PBXBuildFile; fileRef = 47B7D8B72A0815A7004B57EB /* CoreDataManager.swift */; };
		47B7D8D42A0CB50C004B57EB /* UserInfoView.swift in Sources */ = {isa = PBXBuildFile; fileRef = 47B7D8D32A0CB50C004B57EB /* UserInfoView.swift */; };
		47E58FD329FBA32B00231D6C /* JustRunningApp.swift in Sources */ = {isa = PBXBuildFile; fileRef = 47E58FD229FBA32B00231D6C /* JustRunningApp.swift */; };
		47E58FD729FBA32D00231D6C /* Assets.xcassets in Resources */ = {isa = PBXBuildFile; fileRef = 47E58FD629FBA32D00231D6C /* Assets.xcassets */; };
		47E58FDA29FBA32D00231D6C /* Preview Assets.xcassets in Resources */ = {isa = PBXBuildFile; fileRef = 47E58FD929FBA32D00231D6C /* Preview Assets.xcassets */; };
		47E58FE729FBAB3900231D6C /* Lottie in Frameworks */ = {isa = PBXBuildFile; productRef = 47E58FE629FBAB3900231D6C /* Lottie */; };
		47E58FEA29FBB27500231D6C /* RunningAnimation.swift in Sources */ = {isa = PBXBuildFile; fileRef = 47E58FE929FBB27500231D6C /* RunningAnimation.swift */; };
		47E58FEE29FC016F00231D6C /* RunningAnimation.json in Resources */ = {isa = PBXBuildFile; fileRef = 47E58FED29FC016F00231D6C /* RunningAnimation.json */; };
		47E58FF12A02915F00231D6C /* MainView.swift in Sources */ = {isa = PBXBuildFile; fileRef = 47E58FF02A02915F00231D6C /* MainView.swift */; };
		47E58FF32A02917400231D6C /* ProfileView.swift in Sources */ = {isa = PBXBuildFile; fileRef = 47E58FF22A02917400231D6C /* ProfileView.swift */; };
		47E58FF52A02925E00231D6C /* RunningView.swift in Sources */ = {isa = PBXBuildFile; fileRef = 47E58FF42A02925E00231D6C /* RunningView.swift */; };
		47E58FF92A0297C800231D6C /* LoginView.swift in Sources */ = {isa = PBXBuildFile; fileRef = 47E58FF82A0297C800231D6C /* LoginView.swift */; };
		47E590002A029E1D00231D6C /* Extension+Colors.swift in Sources */ = {isa = PBXBuildFile; fileRef = 47E58FFF2A029E1D00231D6C /* Extension+Colors.swift */; };
		47E590032A029EE600231D6C /* UserViewModel.swift in Sources */ = {isa = PBXBuildFile; fileRef = 47E590022A029EE600231D6C /* UserViewModel.swift */; };
/* End PBXBuildFile section */

/* Begin PBXFileReference section */
		4710C1D42A0632FA00E8B941 /* ImagePicker.swift */ = {isa = PBXFileReference; lastKnownFileType = sourcecode.swift; path = ImagePicker.swift; sourceTree = "<group>"; };
		472CB1642A0D3F02001A9E1A /* CardView.swift */ = {isa = PBXFileReference; lastKnownFileType = sourcecode.swift; path = CardView.swift; sourceTree = "<group>"; };
		472CB1672A0D46D9001A9E1A /* SwiftUIView.swift */ = {isa = PBXFileReference; lastKnownFileType = sourcecode.swift; path = SwiftUIView.swift; sourceTree = "<group>"; };
		472CB1692A0D4722001A9E1A /* HomeView.swift */ = {isa = PBXFileReference; lastKnownFileType = sourcecode.swift; path = HomeView.swift; sourceTree = "<group>"; };
		472CB16C2A0D4CEE001A9E1A /* TimePicker.swift */ = {isa = PBXFileReference; lastKnownFileType = sourcecode.swift; path = TimePicker.swift; sourceTree = "<group>"; };
		472CB16E2A0D4DC1001A9E1A /* AnalysisView.swift */ = {isa = PBXFileReference; fileEncoding = 4; lastKnownFileType = sourcecode.swift; path = AnalysisView.swift; sourceTree = "<group>"; };
		472CB1752A0E76D5001A9E1A /* MapViewmodel.swift */ = {isa = PBXFileReference; lastKnownFileType = sourcecode.swift; path = MapViewmodel.swift; sourceTree = "<group>"; };
		473EAA5B2A03FDF500FC1AA0 /* ImageLoader.swift */ = {isa = PBXFileReference; fileEncoding = 4; lastKnownFileType = sourcecode.swift; path = ImageLoader.swift; sourceTree = "<group>"; };
		473EAA5C2A03FDF500FC1AA0 /* Bundle+LoadAndDecode.swift */ = {isa = PBXFileReference; fileEncoding = 4; lastKnownFileType = sourcecode.swift; path = "Bundle+LoadAndDecode.swift"; sourceTree = "<group>"; };
		479F999F2A0FF8AB00077EC3 /* Binding+Ext.swift */ = {isa = PBXFileReference; fileEncoding = 4; lastKnownFileType = sourcecode.swift; path = "Binding+Ext.swift"; sourceTree = "<group>"; };
		479F99A12A0FF8DB00077EC3 /* CountdownModel.swift */ = {isa = PBXFileReference; fileEncoding = 4; lastKnownFileType = sourcecode.swift; path = CountdownModel.swift; sourceTree = "<group>"; };
		479F99A22A0FF8DB00077EC3 /* SystemSounds.swift */ = {isa = PBXFileReference; fileEncoding = 4; lastKnownFileType = sourcecode.swift; path = SystemSounds.swift; sourceTree = "<group>"; };
		479F99A62A0FF91100077EC3 /* ClockView.swift */ = {isa = PBXFileReference; fileEncoding = 4; lastKnownFileType = sourcecode.swift; path = ClockView.swift; sourceTree = "<group>"; };
		479F99A72A0FF91100077EC3 /* CircularProgressView.swift */ = {isa = PBXFileReference; fileEncoding = 4; lastKnownFileType = sourcecode.swift; path = CircularProgressView.swift; sourceTree = "<group>"; };
		479F99A82A0FF91100077EC3 /* CircleButton.swift */ = {isa = PBXFileReference; fileEncoding = 4; lastKnownFileType = sourcecode.swift; path = CircleButton.swift; sourceTree = "<group>"; };
		479F99AC2A0FF99700077EC3 /* SettingsView.swift */ = {isa = PBXFileReference; fileEncoding = 4; lastKnownFileType = sourcecode.swift; path = SettingsView.swift; sourceTree = "<group>"; };
		479F99AD2A0FF99700077EC3 /* CountDownView.swift */ = {isa = PBXFileReference; fileEncoding = 4; lastKnownFileType = sourcecode.swift; path = CountDownView.swift; sourceTree = "<group>"; };
		479F99B02A0FFB0A00077EC3 /* TimerPickerView.swift */ = {isa = PBXFileReference; lastKnownFileType = sourcecode.swift; path = TimerPickerView.swift; sourceTree = "<group>"; };
		47B7D8B52A08150F004B57EB /* Model.xcdatamodel */ = {isa = PBXFileReference; lastKnownFileType = wrapper.xcdatamodel; path = Model.xcdatamodel; sourceTree = "<group>"; };
		47B7D8B72A0815A7004B57EB /* CoreDataManager.swift */ = {isa = PBXFileReference; lastKnownFileType = sourcecode.swift; path = CoreDataManager.swift; sourceTree = "<group>"; };
		47B7D8D32A0CB50C004B57EB /* UserInfoView.swift */ = {isa = PBXFileReference; lastKnownFileType = sourcecode.swift; path = UserInfoView.swift; sourceTree = "<group>"; };
		47E58FCF29FBA32B00231D6C /* JustRunning.app */ = {isa = PBXFileReference; explicitFileType = wrapper.application; includeInIndex = 0; path = JustRunning.app; sourceTree = BUILT_PRODUCTS_DIR; };
		47E58FD229FBA32B00231D6C /* JustRunningApp.swift */ = {isa = PBXFileReference; lastKnownFileType = sourcecode.swift; path = JustRunningApp.swift; sourceTree = "<group>"; };
		47E58FD629FBA32D00231D6C /* Assets.xcassets */ = {isa = PBXFileReference; lastKnownFileType = folder.assetcatalog; path = Assets.xcassets; sourceTree = "<group>"; };
		47E58FD929FBA32D00231D6C /* Preview Assets.xcassets */ = {isa = PBXFileReference; lastKnownFileType = folder.assetcatalog; path = "Preview Assets.xcassets"; sourceTree = "<group>"; };
		47E58FE929FBB27500231D6C /* RunningAnimation.swift */ = {isa = PBXFileReference; lastKnownFileType = sourcecode.swift; path = RunningAnimation.swift; sourceTree = "<group>"; };
		47E58FED29FC016F00231D6C /* RunningAnimation.json */ = {isa = PBXFileReference; fileEncoding = 4; lastKnownFileType = text.json; path = RunningAnimation.json; sourceTree = "<group>"; };
		47E58FEF29FC10F000231D6C /* Info.plist */ = {isa = PBXFileReference; lastKnownFileType = text.plist; path = Info.plist; sourceTree = "<group>"; };
		47E58FF02A02915F00231D6C /* MainView.swift */ = {isa = PBXFileReference; lastKnownFileType = sourcecode.swift; path = MainView.swift; sourceTree = "<group>"; };
		47E58FF22A02917400231D6C /* ProfileView.swift */ = {isa = PBXFileReference; lastKnownFileType = sourcecode.swift; path = ProfileView.swift; sourceTree = "<group>"; };
		47E58FF42A02925E00231D6C /* RunningView.swift */ = {isa = PBXFileReference; lastKnownFileType = sourcecode.swift; path = RunningView.swift; sourceTree = "<group>"; };
		47E58FF82A0297C800231D6C /* LoginView.swift */ = {isa = PBXFileReference; lastKnownFileType = sourcecode.swift; path = LoginView.swift; sourceTree = "<group>"; };
		47E58FFF2A029E1D00231D6C /* Extension+Colors.swift */ = {isa = PBXFileReference; fileEncoding = 4; lastKnownFileType = sourcecode.swift; path = "Extension+Colors.swift"; sourceTree = "<group>"; };
		47E590022A029EE600231D6C /* UserViewModel.swift */ = {isa = PBXFileReference; lastKnownFileType = sourcecode.swift; path = UserViewModel.swift; sourceTree = "<group>"; };
/* End PBXFileReference section */

/* Begin PBXFrameworksBuildPhase section */
		47E58FCC29FBA32B00231D6C /* Frameworks */ = {
			isa = PBXFrameworksBuildPhase;
			buildActionMask = 2147483647;
			files = (
				47E58FE729FBAB3900231D6C /* Lottie in Frameworks */,
			);
			runOnlyForDeploymentPostprocessing = 0;
		};
/* End PBXFrameworksBuildPhase section */

/* Begin PBXGroup section */
		472CB1662A0D46C8001A9E1A /* HomeView */ = {
			isa = PBXGroup;
			children = (
				472CB16E2A0D4DC1001A9E1A /* AnalysisView.swift */,
				472CB1642A0D3F02001A9E1A /* CardView.swift */,
				472CB1672A0D46D9001A9E1A /* SwiftUIView.swift */,
				472CB1692A0D4722001A9E1A /* HomeView.swift */,
			);
			path = HomeView;
			sourceTree = "<group>";
		};
		472CB16B2A0D4CD8001A9E1A /* ChartsViews */ = {
			isa = PBXGroup;
			children = (
				472CB16C2A0D4CEE001A9E1A /* TimePicker.swift */,
			);
			path = ChartsViews;
			sourceTree = "<group>";
		};
		472CB1702A0E0389001A9E1A /* ProfileView */ = {
			isa = PBXGroup;
			children = (
				47E58FF22A02917400231D6C /* ProfileView.swift */,
				47B7D8D32A0CB50C004B57EB /* UserInfoView.swift */,
			);
			path = ProfileView;
			sourceTree = "<group>";
		};
		472CB1712A0E03B0001A9E1A /* LoginView */ = {
			isa = PBXGroup;
			children = (
				47E58FF82A0297C800231D6C /* LoginView.swift */,
			);
			path = LoginView;
			sourceTree = "<group>";
		};
		472CB1722A0E03BF001A9E1A /* RunningViews */ = {
			isa = PBXGroup;
			children = (
				47E58FF42A02925E00231D6C /* RunningView.swift */,
				479F99A52A0FF90600077EC3 /* CountingDownViews */,
			);
			path = RunningViews;
			sourceTree = "<group>";
		};
		479F99A52A0FF90600077EC3 /* CountingDownViews */ = {
			isa = PBXGroup;
			children = (
				479F99AD2A0FF99700077EC3 /* CountDownView.swift */,
				479F99A82A0FF91100077EC3 /* CircleButton.swift */,
				479F99AC2A0FF99700077EC3 /* SettingsView.swift */,
				479F99A62A0FF91100077EC3 /* ClockView.swift */,
				479F99A72A0FF91100077EC3 /* CircularProgressView.swift */,
				479F99B02A0FFB0A00077EC3 /* TimerPickerView.swift */,
			);
			path = CountingDownViews;
			sourceTree = "<group>";
		};
		47E58FC629FBA32B00231D6C = {
			isa = PBXGroup;
			children = (
				47E58FD129FBA32B00231D6C /* JustRunning */,
				47E58FD029FBA32B00231D6C /* Products */,
			);
			sourceTree = "<group>";
		};
		47E58FD029FBA32B00231D6C /* Products */ = {
			isa = PBXGroup;
			children = (
				47E58FCF29FBA32B00231D6C /* JustRunning.app */,
			);
			name = Products;
			sourceTree = "<group>";
		};
		47E58FD129FBA32B00231D6C /* JustRunning */ = {
			isa = PBXGroup;
			children = (
				47E58FD229FBA32B00231D6C /* JustRunningApp.swift */,
				47E58FE829FBB24900231D6C /* LottieFiles */,
				47E590012A029EC000231D6C /* ViewModels */,
				47E58FFE2A029E0E00231D6C /* Extensions */,
				47E58FFB2A02999400231D6C /* Model */,
				47E58FFA2A02982000231D6C /* Views */,
				47E58FEF29FC10F000231D6C /* Info.plist */,
				47E58FD629FBA32D00231D6C /* Assets.xcassets */,
				47E58FD829FBA32D00231D6C /* Preview Content */,
			);
			path = JustRunning;
			sourceTree = "<group>";
		};
		47E58FD829FBA32D00231D6C /* Preview Content */ = {
			isa = PBXGroup;
			children = (
				47E58FD929FBA32D00231D6C /* Preview Assets.xcassets */,
			);
			path = "Preview Content";
			sourceTree = "<group>";
		};
		47E58FE829FBB24900231D6C /* LottieFiles */ = {
			isa = PBXGroup;
			children = (
				47E58FED29FC016F00231D6C /* RunningAnimation.json */,
				47E58FE929FBB27500231D6C /* RunningAnimation.swift */,
			);
			path = LottieFiles;
			sourceTree = "<group>";
		};
		47E58FFA2A02982000231D6C /* Views */ = {
			isa = PBXGroup;
			children = (
				47E58FF02A02915F00231D6C /* MainView.swift */,
				472CB1722A0E03BF001A9E1A /* RunningViews */,
				472CB1712A0E03B0001A9E1A /* LoginView */,
				472CB1702A0E0389001A9E1A /* ProfileView */,
				472CB16B2A0D4CD8001A9E1A /* ChartsViews */,
				472CB1662A0D46C8001A9E1A /* HomeView */,
			);
			path = Views;
			sourceTree = "<group>";
		};
		47E58FFB2A02999400231D6C /* Model */ = {
			isa = PBXGroup;
			children = (
				47B7D8B72A0815A7004B57EB /* CoreDataManager.swift */,
				479F99A12A0FF8DB00077EC3 /* CountdownModel.swift */,
				479F99A22A0FF8DB00077EC3 /* SystemSounds.swift */,
				47B7D8B42A08150F004B57EB /* UserContainer.xcdatamodeld */,
			);
			path = Model;
			sourceTree = "<group>";
		};
		47E58FFE2A029E0E00231D6C /* Extensions */ = {
			isa = PBXGroup;
			children = (
				473EAA5C2A03FDF500FC1AA0 /* Bundle+LoadAndDecode.swift */,
				479F999F2A0FF8AB00077EC3 /* Binding+Ext.swift */,
				473EAA5B2A03FDF500FC1AA0 /* ImageLoader.swift */,
				47E58FFF2A029E1D00231D6C /* Extension+Colors.swift */,
				4710C1D42A0632FA00E8B941 /* ImagePicker.swift */,
			);
			path = Extensions;
			sourceTree = "<group>";
		};
		47E590012A029EC000231D6C /* ViewModels */ = {
			isa = PBXGroup;
			children = (
				47E590022A029EE600231D6C /* UserViewModel.swift */,
				472CB1752A0E76D5001A9E1A /* MapViewmodel.swift */,
			);
			path = ViewModels;
			sourceTree = "<group>";
		};
/* End PBXGroup section */

/* Begin PBXNativeTarget section */
		47E58FCE29FBA32B00231D6C /* JustRunning */ = {
			isa = PBXNativeTarget;
			buildConfigurationList = 47E58FE229FBA32D00231D6C /* Build configuration list for PBXNativeTarget "JustRunning" */;
			buildPhases = (
				47E58FCB29FBA32B00231D6C /* Sources */,
				47E58FCC29FBA32B00231D6C /* Frameworks */,
				47E58FCD29FBA32B00231D6C /* Resources */,
			);
			buildRules = (
			);
			dependencies = (
			);
			name = JustRunning;
			packageProductDependencies = (
				47E58FE629FBAB3900231D6C /* Lottie */,
			);
			productName = JustRunning;
			productReference = 47E58FCF29FBA32B00231D6C /* JustRunning.app */;
			productType = "com.apple.product-type.application";
		};
/* End PBXNativeTarget section */

/* Begin PBXProject section */
		47E58FC729FBA32B00231D6C /* Project object */ = {
			isa = PBXProject;
			attributes = {
				BuildIndependentTargetsInParallel = 1;
				LastSwiftUpdateCheck = 1430;
				LastUpgradeCheck = 1430;
				TargetAttributes = {
					47E58FCE29FBA32B00231D6C = {
						CreatedOnToolsVersion = 14.3;
					};
				};
			};
			buildConfigurationList = 47E58FCA29FBA32B00231D6C /* Build configuration list for PBXProject "JustRunning" */;
			compatibilityVersion = "Xcode 14.0";
			developmentRegion = en;
			hasScannedForEncodings = 0;
			knownRegions = (
				en,
				Base,
			);
			mainGroup = 47E58FC629FBA32B00231D6C;
			packageReferences = (
				47E58FE529FBAB3800231D6C /* XCRemoteSwiftPackageReference "lottie-ios" */,
			);
			productRefGroup = 47E58FD029FBA32B00231D6C /* Products */;
			projectDirPath = "";
			projectRoot = "";
			targets = (
				47E58FCE29FBA32B00231D6C /* JustRunning */,
			);
		};
/* End PBXProject section */

/* Begin PBXResourcesBuildPhase section */
		47E58FCD29FBA32B00231D6C /* Resources */ = {
			isa = PBXResourcesBuildPhase;
			buildActionMask = 2147483647;
			files = (
				47E58FDA29FBA32D00231D6C /* Preview Assets.xcassets in Resources */,
				47E58FEE29FC016F00231D6C /* RunningAnimation.json in Resources */,
				47E58FD729FBA32D00231D6C /* Assets.xcassets in Resources */,
			);
			runOnlyForDeploymentPostprocessing = 0;
		};
/* End PBXResourcesBuildPhase section */

/* Begin PBXSourcesBuildPhase section */
		47E58FCB29FBA32B00231D6C /* Sources */ = {
			isa = PBXSourcesBuildPhase;
			buildActionMask = 2147483647;
			files = (
				479F99B12A0FFB0A00077EC3 /* TimerPickerView.swift in Sources */,
				473EAA5D2A03FDF500FC1AA0 /* ImageLoader.swift in Sources */,
				479F99A92A0FF91100077EC3 /* ClockView.swift in Sources */,
				479F99A32A0FF8DB00077EC3 /* CountdownModel.swift in Sources */,
				472CB16A2A0D4722001A9E1A /* HomeView.swift in Sources */,
				472CB1682A0D46D9001A9E1A /* SwiftUIView.swift in Sources */,
				472CB16D2A0D4CEE001A9E1A /* TimePicker.swift in Sources */,
				47E58FF52A02925E00231D6C /* RunningView.swift in Sources */,
				47B7D8D42A0CB50C004B57EB /* UserInfoView.swift in Sources */,
				47B7D8B62A08150F004B57EB /* UserContainer.xcdatamodeld in Sources */,
				47E58FEA29FBB27500231D6C /* RunningAnimation.swift in Sources */,
				473EAA5E2A03FDF500FC1AA0 /* Bundle+LoadAndDecode.swift in Sources */,
				479F99A02A0FF8AB00077EC3 /* Binding+Ext.swift in Sources */,
				47E58FF12A02915F00231D6C /* MainView.swift in Sources */,
				47E58FD329FBA32B00231D6C /* JustRunningApp.swift in Sources */,
				47E590002A029E1D00231D6C /* Extension+Colors.swift in Sources */,
				47E590032A029EE600231D6C /* UserViewModel.swift in Sources */,
				47B7D8B82A0815A7004B57EB /* CoreDataManager.swift in Sources */,
				47E58FF32A02917400231D6C /* ProfileView.swift in Sources */,
				47E58FF92A0297C800231D6C /* LoginView.swift in Sources */,
				479F99A42A0FF8DB00077EC3 /* SystemSounds.swift in Sources */,
				4710C1D52A0632FA00E8B941 /* ImagePicker.swift in Sources */,
				479F99AE2A0FF99700077EC3 /* SettingsView.swift in Sources */,
				479F99AB2A0FF91100077EC3 /* CircleButton.swift in Sources */,
				472CB1762A0E76D5001A9E1A /* MapViewmodel.swift in Sources */,
				472CB1652A0D3F02001A9E1A /* CardView.swift in Sources */,
				479F99AF2A0FF99700077EC3 /* CountDownView.swift in Sources */,
				479F99AA2A0FF91100077EC3 /* CircularProgressView.swift in Sources */,
				472CB16F2A0D4DC1001A9E1A /* AnalysisView.swift in Sources */,
			);
			runOnlyForDeploymentPostprocessing = 0;
		};
/* End PBXSourcesBuildPhase section */

/* Begin XCBuildConfiguration section */
		47E58FE029FBA32D00231D6C /* Debug */ = {
			isa = XCBuildConfiguration;
			buildSettings = {
				ALWAYS_SEARCH_USER_PATHS = NO;
				CLANG_ANALYZER_NONNULL = YES;
				CLANG_ANALYZER_NUMBER_OBJECT_CONVERSION = YES_AGGRESSIVE;
				CLANG_CXX_LANGUAGE_STANDARD = "gnu++20";
				CLANG_ENABLE_MODULES = YES;
				CLANG_ENABLE_OBJC_ARC = YES;
				CLANG_ENABLE_OBJC_WEAK = YES;
				CLANG_WARN_BLOCK_CAPTURE_AUTORELEASING = YES;
				CLANG_WARN_BOOL_CONVERSION = YES;
				CLANG_WARN_COMMA = YES;
				CLANG_WARN_CONSTANT_CONVERSION = YES;
				CLANG_WARN_DEPRECATED_OBJC_IMPLEMENTATIONS = YES;
				CLANG_WARN_DIRECT_OBJC_ISA_USAGE = YES_ERROR;
				CLANG_WARN_DOCUMENTATION_COMMENTS = YES;
				CLANG_WARN_EMPTY_BODY = YES;
				CLANG_WARN_ENUM_CONVERSION = YES;
				CLANG_WARN_INFINITE_RECURSION = YES;
				CLANG_WARN_INT_CONVERSION = YES;
				CLANG_WARN_NON_LITERAL_NULL_CONVERSION = YES;
				CLANG_WARN_OBJC_IMPLICIT_RETAIN_SELF = YES;
				CLANG_WARN_OBJC_LITERAL_CONVERSION = YES;
				CLANG_WARN_OBJC_ROOT_CLASS = YES_ERROR;
				CLANG_WARN_QUOTED_INCLUDE_IN_FRAMEWORK_HEADER = YES;
				CLANG_WARN_RANGE_LOOP_ANALYSIS = YES;
				CLANG_WARN_STRICT_PROTOTYPES = YES;
				CLANG_WARN_SUSPICIOUS_MOVE = YES;
				CLANG_WARN_UNGUARDED_AVAILABILITY = YES_AGGRESSIVE;
				CLANG_WARN_UNREACHABLE_CODE = YES;
				CLANG_WARN__DUPLICATE_METHOD_MATCH = YES;
				COPY_PHASE_STRIP = NO;
				DEBUG_INFORMATION_FORMAT = dwarf;
				ENABLE_STRICT_OBJC_MSGSEND = YES;
				ENABLE_TESTABILITY = YES;
				GCC_C_LANGUAGE_STANDARD = gnu11;
				GCC_DYNAMIC_NO_PIC = NO;
				GCC_NO_COMMON_BLOCKS = YES;
				GCC_OPTIMIZATION_LEVEL = 0;
				GCC_PREPROCESSOR_DEFINITIONS = (
					"DEBUG=1",
					"$(inherited)",
				);
				GCC_WARN_64_TO_32_BIT_CONVERSION = YES;
				GCC_WARN_ABOUT_RETURN_TYPE = YES_ERROR;
				GCC_WARN_UNDECLARED_SELECTOR = YES;
				GCC_WARN_UNINITIALIZED_AUTOS = YES_AGGRESSIVE;
				GCC_WARN_UNUSED_FUNCTION = YES;
				GCC_WARN_UNUSED_VARIABLE = YES;
				IPHONEOS_DEPLOYMENT_TARGET = 16.4;
				MTL_ENABLE_DEBUG_INFO = INCLUDE_SOURCE;
				MTL_FAST_MATH = YES;
				ONLY_ACTIVE_ARCH = YES;
				SDKROOT = iphoneos;
				SWIFT_ACTIVE_COMPILATION_CONDITIONS = DEBUG;
				SWIFT_OPTIMIZATION_LEVEL = "-Onone";
			};
			name = Debug;
		};
		47E58FE129FBA32D00231D6C /* Release */ = {
			isa = XCBuildConfiguration;
			buildSettings = {
				ALWAYS_SEARCH_USER_PATHS = NO;
				CLANG_ANALYZER_NONNULL = YES;
				CLANG_ANALYZER_NUMBER_OBJECT_CONVERSION = YES_AGGRESSIVE;
				CLANG_CXX_LANGUAGE_STANDARD = "gnu++20";
				CLANG_ENABLE_MODULES = YES;
				CLANG_ENABLE_OBJC_ARC = YES;
				CLANG_ENABLE_OBJC_WEAK = YES;
				CLANG_WARN_BLOCK_CAPTURE_AUTORELEASING = YES;
				CLANG_WARN_BOOL_CONVERSION = YES;
				CLANG_WARN_COMMA = YES;
				CLANG_WARN_CONSTANT_CONVERSION = YES;
				CLANG_WARN_DEPRECATED_OBJC_IMPLEMENTATIONS = YES;
				CLANG_WARN_DIRECT_OBJC_ISA_USAGE = YES_ERROR;
				CLANG_WARN_DOCUMENTATION_COMMENTS = YES;
				CLANG_WARN_EMPTY_BODY = YES;
				CLANG_WARN_ENUM_CONVERSION = YES;
				CLANG_WARN_INFINITE_RECURSION = YES;
				CLANG_WARN_INT_CONVERSION = YES;
				CLANG_WARN_NON_LITERAL_NULL_CONVERSION = YES;
				CLANG_WARN_OBJC_IMPLICIT_RETAIN_SELF = YES;
				CLANG_WARN_OBJC_LITERAL_CONVERSION = YES;
				CLANG_WARN_OBJC_ROOT_CLASS = YES_ERROR;
				CLANG_WARN_QUOTED_INCLUDE_IN_FRAMEWORK_HEADER = YES;
				CLANG_WARN_RANGE_LOOP_ANALYSIS = YES;
				CLANG_WARN_STRICT_PROTOTYPES = YES;
				CLANG_WARN_SUSPICIOUS_MOVE = YES;
				CLANG_WARN_UNGUARDED_AVAILABILITY = YES_AGGRESSIVE;
				CLANG_WARN_UNREACHABLE_CODE = YES;
				CLANG_WARN__DUPLICATE_METHOD_MATCH = YES;
				COPY_PHASE_STRIP = NO;
				DEBUG_INFORMATION_FORMAT = "dwarf-with-dsym";
				ENABLE_NS_ASSERTIONS = NO;
				ENABLE_STRICT_OBJC_MSGSEND = YES;
				GCC_C_LANGUAGE_STANDARD = gnu11;
				GCC_NO_COMMON_BLOCKS = YES;
				GCC_WARN_64_TO_32_BIT_CONVERSION = YES;
				GCC_WARN_ABOUT_RETURN_TYPE = YES_ERROR;
				GCC_WARN_UNDECLARED_SELECTOR = YES;
				GCC_WARN_UNINITIALIZED_AUTOS = YES_AGGRESSIVE;
				GCC_WARN_UNUSED_FUNCTION = YES;
				GCC_WARN_UNUSED_VARIABLE = YES;
				IPHONEOS_DEPLOYMENT_TARGET = 16.4;
				MTL_ENABLE_DEBUG_INFO = NO;
				MTL_FAST_MATH = YES;
				SDKROOT = iphoneos;
				SWIFT_COMPILATION_MODE = wholemodule;
				SWIFT_OPTIMIZATION_LEVEL = "-O";
				VALIDATE_PRODUCT = YES;
			};
			name = Release;
		};
		47E58FE329FBA32D00231D6C /* Debug */ = {
			isa = XCBuildConfiguration;
			buildSettings = {
				ASSETCATALOG_COMPILER_APPICON_NAME = AppIcon;
				ASSETCATALOG_COMPILER_GLOBAL_ACCENT_COLOR_NAME = AccentColor;
				CODE_SIGN_STYLE = Automatic;
				CURRENT_PROJECT_VERSION = 1;
				DEVELOPMENT_ASSET_PATHS = "\"JustRunning/Preview Content\"";
				DEVELOPMENT_TEAM = BPVTKF96Q4;
				ENABLE_PREVIEWS = YES;
				GENERATE_INFOPLIST_FILE = YES;
				INFOPLIST_FILE = JustRunning/Info.plist;
				INFOPLIST_KEY_NSCameraUsageDescription = "Would like to use camera to take photos?";
				INFOPLIST_KEY_NSLocationWhenInUseUsageDescription = "This app needs your location to show it on the map";
				INFOPLIST_KEY_UIApplicationSceneManifest_Generation = YES;
				INFOPLIST_KEY_UIApplicationSupportsIndirectInputEvents = YES;
				INFOPLIST_KEY_UILaunchScreen_Generation = YES;
				INFOPLIST_KEY_UISupportedInterfaceOrientations_iPad = "UIInterfaceOrientationPortrait UIInterfaceOrientationPortraitUpsideDown UIInterfaceOrientationLandscapeLeft UIInterfaceOrientationLandscapeRight";
				INFOPLIST_KEY_UISupportedInterfaceOrientations_iPhone = "UIInterfaceOrientationPortrait UIInterfaceOrientationLandscapeLeft UIInterfaceOrientationLandscapeRight";
				LD_RUNPATH_SEARCH_PATHS = (
					"$(inherited)",
					"@executable_path/Frameworks",
				);
				MARKETING_VERSION = 1.0;
				PRODUCT_BUNDLE_IDENTIFIER = com.whucs.JustRunning;
				PRODUCT_NAME = "$(TARGET_NAME)";
				SWIFT_EMIT_LOC_STRINGS = YES;
				SWIFT_VERSION = 5.0;
				TARGETED_DEVICE_FAMILY = "1,2";
			};
			name = Debug;
		};
		47E58FE429FBA32D00231D6C /* Release */ = {
			isa = XCBuildConfiguration;
			buildSettings = {
				ASSETCATALOG_COMPILER_APPICON_NAME = AppIcon;
				ASSETCATALOG_COMPILER_GLOBAL_ACCENT_COLOR_NAME = AccentColor;
				CODE_SIGN_STYLE = Automatic;
				CURRENT_PROJECT_VERSION = 1;
				DEVELOPMENT_ASSET_PATHS = "\"JustRunning/Preview Content\"";
				DEVELOPMENT_TEAM = BPVTKF96Q4;
				ENABLE_PREVIEWS = YES;
				GENERATE_INFOPLIST_FILE = YES;
				INFOPLIST_FILE = JustRunning/Info.plist;
				INFOPLIST_KEY_NSCameraUsageDescription = "Would like to use camera to take photos?";
				INFOPLIST_KEY_NSLocationWhenInUseUsageDescription = "This app needs your location to show it on the map";
				INFOPLIST_KEY_UIApplicationSceneManifest_Generation = YES;
				INFOPLIST_KEY_UIApplicationSupportsIndirectInputEvents = YES;
				INFOPLIST_KEY_UILaunchScreen_Generation = YES;
				INFOPLIST_KEY_UISupportedInterfaceOrientations_iPad = "UIInterfaceOrientationPortrait UIInterfaceOrientationPortraitUpsideDown UIInterfaceOrientationLandscapeLeft UIInterfaceOrientationLandscapeRight";
				INFOPLIST_KEY_UISupportedInterfaceOrientations_iPhone = "UIInterfaceOrientationPortrait UIInterfaceOrientationLandscapeLeft UIInterfaceOrientationLandscapeRight";
				LD_RUNPATH_SEARCH_PATHS = (
					"$(inherited)",
					"@executable_path/Frameworks",
				);
				MARKETING_VERSION = 1.0;
				PRODUCT_BUNDLE_IDENTIFIER = com.whucs.JustRunning;
				PRODUCT_NAME = "$(TARGET_NAME)";
				SWIFT_EMIT_LOC_STRINGS = YES;
				SWIFT_VERSION = 5.0;
				TARGETED_DEVICE_FAMILY = "1,2";
			};
			name = Release;
		};
/* End XCBuildConfiguration section */

/* Begin XCConfigurationList section */
		47E58FCA29FBA32B00231D6C /* Build configuration list for PBXProject "JustRunning" */ = {
			isa = XCConfigurationList;
			buildConfigurations = (
				47E58FE029FBA32D00231D6C /* Debug */,
				47E58FE129FBA32D00231D6C /* Release */,
			);
			defaultConfigurationIsVisible = 0;
			defaultConfigurationName = Release;
		};
		47E58FE229FBA32D00231D6C /* Build configuration list for PBXNativeTarget "JustRunning" */ = {
			isa = XCConfigurationList;
			buildConfigurations = (
				47E58FE329FBA32D00231D6C /* Debug */,
				47E58FE429FBA32D00231D6C /* Release */,
			);
			defaultConfigurationIsVisible = 0;
			defaultConfigurationName = Release;
		};
/* End XCConfigurationList section */

/* Begin XCRemoteSwiftPackageReference section */
		47E58FE529FBAB3800231D6C /* XCRemoteSwiftPackageReference "lottie-ios" */ = {
			isa = XCRemoteSwiftPackageReference;
			repositoryURL = "https://github.com/airbnb/lottie-ios";
			requirement = {
				kind = upToNextMajorVersion;
				minimumVersion = 3.2.3;
			};
		};
/* End XCRemoteSwiftPackageReference section */

/* Begin XCSwiftPackageProductDependency section */
		47E58FE629FBAB3900231D6C /* Lottie */ = {
			isa = XCSwiftPackageProductDependency;
			package = 47E58FE529FBAB3800231D6C /* XCRemoteSwiftPackageReference "lottie-ios" */;
			productName = Lottie;
		};
/* End XCSwiftPackageProductDependency section */

/* Begin XCVersionGroup section */
		47B7D8B42A08150F004B57EB /* UserContainer.xcdatamodeld */ = {
			isa = XCVersionGroup;
			children = (
				47B7D8B52A08150F004B57EB /* Model.xcdatamodel */,
			);
			currentVersion = 47B7D8B52A08150F004B57EB /* Model.xcdatamodel */;
			path = UserContainer.xcdatamodeld;
			sourceTree = "<group>";
			versionGroupType = wrapper.xcdatamodel;
		};
/* End XCVersionGroup section */
	};
	rootObject = 47E58FC729FBA32B00231D6C /* Project object */;
}
